// !$*UTF8*$!
{
	archiveVersion = 1;
	classes = {
	};
	objectVersion = 56;
	objects = {

/* Begin PBXBuildFile section */
		3E1F24DDCBBB8E67005875A2 /* AmplifyModels.swift in Sources */ = {isa = PBXBuildFile; fileRef = 70D7796C2D9AADD6ACC24419 /* AmplifyModels.swift */; };
		69661A57911B584FF315591B /* amplifyconfiguration.json in Resources */ = {isa = PBXBuildFile; fileRef = E0D8D5BBBB357A320C584B18 /* amplifyconfiguration.json */; };
		BAFB443C4AD3F34A52186F39 /* NoteData+Schema.swift in Sources */ = {isa = PBXBuildFile; fileRef = FE3BD6F972D8F5768C2ABB82 /* NoteData+Schema.swift */; };
		CC59A8BC2A76B05F00351718 /* AmplifyPushUpApp.swift in Sources */ = {isa = PBXBuildFile; fileRef = CC59A8BB2A76B05F00351718 /* AmplifyPushUpApp.swift */; };
		CC59A8BE2A76B05F00351718 /* ContentView.swift in Sources */ = {isa = PBXBuildFile; fileRef = CC59A8BD2A76B05F00351718 /* ContentView.swift */; };
		CC59A8C02A76B06000351718 /* Assets.xcassets in Resources */ = {isa = PBXBuildFile; fileRef = CC59A8BF2A76B06000351718 /* Assets.xcassets */; };
		CC59A8C32A76B06000351718 /* Preview Assets.xcassets in Resources */ = {isa = PBXBuildFile; fileRef = CC59A8C22A76B06000351718 /* Preview Assets.xcassets */; };
		CC59A8CA2A76B0DD00351718 /* Note.swift in Sources */ = {isa = PBXBuildFile; fileRef = CC59A8C92A76B0DD00351718 /* Note.swift */; };
		CC59A8CC2A76B57500351718 /* UserData.swift in Sources */ = {isa = PBXBuildFile; fileRef = CC59A8CB2A76B57500351718 /* UserData.swift */; };
		CC59A8CF2A76C4F600351718 /* AWSCognitoAuthPlugin in Frameworks */ = {isa = PBXBuildFile; productRef = CC59A8CE2A76C4F600351718 /* AWSCognitoAuthPlugin */; };
		CC59A8D12A76C4F600351718 /* AWSPinpointAnalyticsPlugin in Frameworks */ = {isa = PBXBuildFile; productRef = CC59A8D02A76C4F600351718 /* AWSPinpointAnalyticsPlugin */; };
		CC59A8D32A76C4F600351718 /* AWSS3StoragePlugin in Frameworks */ = {isa = PBXBuildFile; productRef = CC59A8D22A76C4F600351718 /* AWSS3StoragePlugin */; };
		CC59A8D52A76C4F600351718 /* Amplify in Frameworks */ = {isa = PBXBuildFile; productRef = CC59A8D42A76C4F600351718 /* Amplify */; };
		CC59A8D82A76C57900351718 /* awsconfiguration.json in Resources */ = {isa = PBXBuildFile; fileRef = CC59A8D62A76C57800351718 /* awsconfiguration.json */; };
		CC59A8D92A76C57900351718 /* amplifyconfiguration.json in Resources */ = {isa = PBXBuildFile; fileRef = CC59A8D72A76C57900351718 /* amplifyconfiguration.json */; };
		CC59A8DB2A76C59E00351718 /* Backend.swift in Sources */ = {isa = PBXBuildFile; fileRef = CC59A8DA2A76C59E00351718 /* Backend.swift */; };
		CC59A8E42A7717FF00351718 /* amplify/generated/models/NoteData.swift in Sources */ = {isa = PBXBuildFile; fileRef = CC59A8E12A7717FF00351718 /* amplify/generated/models/NoteData.swift */; };
		CC59A8E52A7717FF00351718 /* amplify/generated/models/AmplifyModels.swift in Sources */ = {isa = PBXBuildFile; fileRef = CC59A8E22A7717FF00351718 /* amplify/generated/models/AmplifyModels.swift */; };
		CC59A8E62A7717FF00351718 /* amplify/generated/models/NoteData+Schema.swift in Sources */ = {isa = PBXBuildFile; fileRef = CC59A8E32A7717FF00351718 /* amplify/generated/models/NoteData+Schema.swift */; };
		CC59A8E92A7746E900351718 /* AWSAPIPlugin in Frameworks */ = {isa = PBXBuildFile; productRef = CC59A8E82A7746E900351718 /* AWSAPIPlugin */; };
		D21DADD50BAF1706CCA83165 /* awsconfiguration.json in Resources */ = {isa = PBXBuildFile; fileRef = 50D1583C2B31A51F41ACAACB /* awsconfiguration.json */; };
		FC4A0534D7C265944A6D3AB0 /* NoteData.swift in Sources */ = {isa = PBXBuildFile; fileRef = B976D2C6438732755D64183F /* NoteData.swift */; };
/* End PBXBuildFile section */

/* Begin PBXFileReference section */
		50D1583C2B31A51F41ACAACB /* awsconfiguration.json */ = {isa = PBXFileReference; explicitFileType = text.json; path = awsconfiguration.json; sourceTree = "<group>"; };
		70D7796C2D9AADD6ACC24419 /* AmplifyModels.swift */ = {isa = PBXFileReference; explicitFileType = sourcecode.swift; name = AmplifyModels.swift; path = amplify/generated/models/AmplifyModels.swift; sourceTree = "<group>"; };
		B976D2C6438732755D64183F /* NoteData.swift */ = {isa = PBXFileReference; explicitFileType = sourcecode.swift; name = NoteData.swift; path = amplify/generated/models/NoteData.swift; sourceTree = "<group>"; };
		CC59A8B82A76B05F00351718 /* AmplifyPushUp.app */ = {isa = PBXFileReference; explicitFileType = wrapper.application; includeInIndex = 0; path = AmplifyPushUp.app; sourceTree = BUILT_PRODUCTS_DIR; };
		CC59A8BB2A76B05F00351718 /* AmplifyPushUpApp.swift */ = {isa = PBXFileReference; lastKnownFileType = sourcecode.swift; path = AmplifyPushUpApp.swift; sourceTree = "<group>"; };
		CC59A8BD2A76B05F00351718 /* ContentView.swift */ = {isa = PBXFileReference; lastKnownFileType = sourcecode.swift; path = ContentView.swift; sourceTree = "<group>"; };
		CC59A8BF2A76B06000351718 /* Assets.xcassets */ = {isa = PBXFileReference; lastKnownFileType = folder.assetcatalog; path = Assets.xcassets; sourceTree = "<group>"; };
		CC59A8C22A76B06000351718 /* Preview Assets.xcassets */ = {isa = PBXFileReference; lastKnownFileType = folder.assetcatalog; path = "Preview Assets.xcassets"; sourceTree = "<group>"; };
		CC59A8C92A76B0DD00351718 /* Note.swift */ = {isa = PBXFileReference; lastKnownFileType = sourcecode.swift; path = Note.swift; sourceTree = "<group>"; };
		CC59A8CB2A76B57500351718 /* UserData.swift */ = {isa = PBXFileReference; lastKnownFileType = sourcecode.swift; path = UserData.swift; sourceTree = "<group>"; };
		CC59A8D62A76C57800351718 /* awsconfiguration.json */ = {isa = PBXFileReference; fileEncoding = 4; lastKnownFileType = text.json; path = awsconfiguration.json; sourceTree = "<group>"; };
		CC59A8D72A76C57900351718 /* amplifyconfiguration.json */ = {isa = PBXFileReference; fileEncoding = 4; lastKnownFileType = text.json; path = amplifyconfiguration.json; sourceTree = "<group>"; };
		CC59A8DA2A76C59E00351718 /* Backend.swift */ = {isa = PBXFileReference; lastKnownFileType = sourcecode.swift; path = Backend.swift; sourceTree = "<group>"; };
		CC59A8DC2A76C84B00351718 /* AmplifyPushUp.entitlements */ = {isa = PBXFileReference; lastKnownFileType = text.plist.entitlements; path = AmplifyPushUp.entitlements; sourceTree = "<group>"; };
		CC59A8E12A7717FF00351718 /* amplify/generated/models/NoteData.swift */ = {isa = PBXFileReference; fileEncoding = 4; lastKnownFileType = sourcecode.swift; path = amplify/generated/models/NoteData.swift; sourceTree = "<group>"; };
		CC59A8E22A7717FF00351718 /* amplify/generated/models/AmplifyModels.swift */ = {isa = PBXFileReference; fileEncoding = 4; lastKnownFileType = sourcecode.swift; path = amplify/generated/models/AmplifyModels.swift; sourceTree = "<group>"; };
		CC59A8E32A7717FF00351718 /* amplify/generated/models/NoteData+Schema.swift */ = {isa = PBXFileReference; fileEncoding = 4; lastKnownFileType = sourcecode.swift; path = "amplify/generated/models/NoteData+Schema.swift"; sourceTree = "<group>"; };
		CC59A8EA2A77519C00351718 /* Info.plist */ = {isa = PBXFileReference; lastKnownFileType = text.plist; path = Info.plist; sourceTree = "<group>"; };
		E0D8D5BBBB357A320C584B18 /* amplifyconfiguration.json */ = {isa = PBXFileReference; explicitFileType = text.json; path = amplifyconfiguration.json; sourceTree = "<group>"; };
		FE3BD6F972D8F5768C2ABB82 /* NoteData+Schema.swift */ = {isa = PBXFileReference; explicitFileType = sourcecode.swift; name = "NoteData+Schema.swift"; path = "amplify/generated/models/NoteData+Schema.swift"; sourceTree = "<group>"; };
/* End PBXFileReference section */

/* Begin PBXFrameworksBuildPhase section */
		CC59A8B52A76B05F00351718 /* Frameworks */ = {
			isa = PBXFrameworksBuildPhase;
			buildActionMask = 2147483647;
			files = (
				CC59A8E92A7746E900351718 /* AWSAPIPlugin in Frameworks */,
				CC59A8CF2A76C4F600351718 /* AWSCognitoAuthPlugin in Frameworks */,
				CC59A8D52A76C4F600351718 /* Amplify in Frameworks */,
				CC59A8D12A76C4F600351718 /* AWSPinpointAnalyticsPlugin in Frameworks */,
				CC59A8D32A76C4F600351718 /* AWSS3StoragePlugin in Frameworks */,
			);
			runOnlyForDeploymentPostprocessing = 0;
		};
/* End PBXFrameworksBuildPhase section */

/* Begin PBXGroup section */
		30D159C46323737E31A5A0C3 /* AmplifyConfig */ = {
			isa = PBXGroup;
			children = (
				50D1583C2B31A51F41ACAACB /* awsconfiguration.json */,
				E0D8D5BBBB357A320C584B18 /* amplifyconfiguration.json */,
			);
			name = AmplifyConfig;
			sourceTree = "<group>";
		};
		B4391A82DFB5E9BE13832CDE /* AmplifyModels */ = {
			isa = PBXGroup;
			children = (
				70D7796C2D9AADD6ACC24419 /* AmplifyModels.swift */,
				FE3BD6F972D8F5768C2ABB82 /* NoteData+Schema.swift */,
				B976D2C6438732755D64183F /* NoteData.swift */,
				CC59A8E32A7717FF00351718 /* amplify/generated/models/NoteData+Schema.swift */,
				CC59A8E12A7717FF00351718 /* amplify/generated/models/NoteData.swift */,
				CC59A8E22A7717FF00351718 /* amplify/generated/models/AmplifyModels.swift */,
			);
			name = AmplifyModels;
			sourceTree = "<group>";
		};
		CC59A8AF2A76B05F00351718 = {
			isa = PBXGroup;
			children = (
				CC59A8D72A76C57900351718 /* amplifyconfiguration.json */,
				CC59A8D62A76C57800351718 /* awsconfiguration.json */,
				CC59A8BA2A76B05F00351718 /* AmplifyPushUp */,
				CC59A8B92A76B05F00351718 /* Products */,
				30D159C46323737E31A5A0C3 /* AmplifyConfig */,
				B4391A82DFB5E9BE13832CDE /* AmplifyModels */,
				CC59A8E72A7746E900351718 /* Frameworks */,
			);
			sourceTree = "<group>";
		};
		CC59A8B92A76B05F00351718 /* Products */ = {
			isa = PBXGroup;
			children = (
				CC59A8B82A76B05F00351718 /* AmplifyPushUp.app */,
			);
			name = Products;
			sourceTree = "<group>";
		};
		CC59A8BA2A76B05F00351718 /* AmplifyPushUp */ = {
			isa = PBXGroup;
			children = (
				CC59A8EA2A77519C00351718 /* Info.plist */,
				CC59A8DF2A7717FF00351718 /* generated */,
				CC59A8DC2A76C84B00351718 /* AmplifyPushUp.entitlements */,
				CC59A8BB2A76B05F00351718 /* AmplifyPushUpApp.swift */,
				CC59A8BD2A76B05F00351718 /* ContentView.swift */,
				CC59A8CB2A76B57500351718 /* UserData.swift */,
				CC59A8C92A76B0DD00351718 /* Note.swift */,
				CC59A8BF2A76B06000351718 /* Assets.xcassets */,
				CC59A8C12A76B06000351718 /* Preview Content */,
				CC59A8DA2A76C59E00351718 /* Backend.swift */,
			);
			path = AmplifyPushUp;
			sourceTree = "<group>";
		};
		CC59A8C12A76B06000351718 /* Preview Content */ = {
			isa = PBXGroup;
			children = (
				CC59A8C22A76B06000351718 /* Preview Assets.xcassets */,
			);
			path = "Preview Content";
			sourceTree = "<group>";
		};
		CC59A8DF2A7717FF00351718 /* generated */ = {
			isa = PBXGroup;
			children = (
				CC59A8E02A7717FF00351718 /* models */,
			);
			name = generated;
			path = amplify/generated;
			sourceTree = SOURCE_ROOT;
		};
		CC59A8E02A7717FF00351718 /* models */ = {
			isa = PBXGroup;
			children = (
				CC59A8E12A7717FF00351718 /* amplify/generated/models/NoteData.swift */,
				CC59A8E22A7717FF00351718 /* amplify/generated/models/AmplifyModels.swift */,
				CC59A8E32A7717FF00351718 /* amplify/generated/models/NoteData+Schema.swift */,
			);
			path = models;
			sourceTree = "<group>";
		};
		CC59A8E72A7746E900351718 /* Frameworks */ = {
			isa = PBXGroup;
			children = (
			);
			name = Frameworks;
			sourceTree = "<group>";
		};
/* End PBXGroup section */

/* Begin PBXNativeTarget section */
		CC59A8B72A76B05F00351718 /* AmplifyPushUp */ = {
			isa = PBXNativeTarget;
			buildConfigurationList = CC59A8C62A76B06000351718 /* Build configuration list for PBXNativeTarget "AmplifyPushUp" */;
			buildPhases = (
				CC59A8B42A76B05F00351718 /* Sources */,
				CC59A8B52A76B05F00351718 /* Frameworks */,
				CC59A8B62A76B05F00351718 /* Resources */,
			);
			buildRules = (
			);
			dependencies = (
			);
			name = AmplifyPushUp;
			packageProductDependencies = (
				CC59A8CE2A76C4F600351718 /* AWSCognitoAuthPlugin */,
				CC59A8D02A76C4F600351718 /* AWSPinpointAnalyticsPlugin */,
				CC59A8D22A76C4F600351718 /* AWSS3StoragePlugin */,
				CC59A8D42A76C4F600351718 /* Amplify */,
				CC59A8E82A7746E900351718 /* AWSAPIPlugin */,
			);
			productName = AmplifyPushUp;
			productReference = CC59A8B82A76B05F00351718 /* AmplifyPushUp.app */;
			productType = "com.apple.product-type.application";
		};
/* End PBXNativeTarget section */

/* Begin PBXProject section */
		CC59A8B02A76B05F00351718 /* Project object */ = {
			isa = PBXProject;
			attributes = {
				BuildIndependentTargetsInParallel = 1;
				LastSwiftUpdateCheck = 1430;
				LastUpgradeCheck = 1430;
				TargetAttributes = {
					CC59A8B72A76B05F00351718 = {
						CreatedOnToolsVersion = 14.3.1;
					};
				};
			};
			buildConfigurationList = CC59A8B32A76B05F00351718 /* Build configuration list for PBXProject "AmplifyPushUp" */;
			compatibilityVersion = "Xcode 14.0";
			developmentRegion = en;
			hasScannedForEncodings = 0;
			knownRegions = (
				en,
				Base,
			);
			mainGroup = CC59A8AF2A76B05F00351718;
			packageReferences = (
				CC59A8CD2A76C4F600351718 /* XCRemoteSwiftPackageReference "amplify-swift" */,
			);
			productRefGroup = CC59A8B92A76B05F00351718 /* Products */;
			projectDirPath = "";
			projectRoot = "";
			targets = (
				CC59A8B72A76B05F00351718 /* AmplifyPushUp */,
			);
		};
/* End PBXProject section */

/* Begin PBXResourcesBuildPhase section */
		CC59A8B62A76B05F00351718 /* Resources */ = {
			isa = PBXResourcesBuildPhase;
			buildActionMask = 2147483647;
			files = (
				CC59A8D82A76C57900351718 /* awsconfiguration.json in Resources */,
				CC59A8D92A76C57900351718 /* amplifyconfiguration.json in Resources */,
				CC59A8C32A76B06000351718 /* Preview Assets.xcassets in Resources */,
				CC59A8C02A76B06000351718 /* Assets.xcassets in Resources */,
				D21DADD50BAF1706CCA83165 /* awsconfiguration.json in Resources */,
				69661A57911B584FF315591B /* amplifyconfiguration.json in Resources */,
			);
			runOnlyForDeploymentPostprocessing = 0;
		};
/* End PBXResourcesBuildPhase section */

/* Begin PBXSourcesBuildPhase section */
		CC59A8B42A76B05F00351718 /* Sources */ = {
			isa = PBXSourcesBuildPhase;
			buildActionMask = 2147483647;
			files = (
				CC59A8E62A7717FF00351718 /* amplify/generated/models/NoteData+Schema.swift in Sources */,
				CC59A8BE2A76B05F00351718 /* ContentView.swift in Sources */,
				CC59A8BC2A76B05F00351718 /* AmplifyPushUpApp.swift in Sources */,
				CC59A8CC2A76B57500351718 /* UserData.swift in Sources */,
				CC59A8CA2A76B0DD00351718 /* Note.swift in Sources */,
				CC59A8DB2A76C59E00351718 /* Backend.swift in Sources */,
				3E1F24DDCBBB8E67005875A2 /* AmplifyModels.swift in Sources */,
				CC59A8E52A7717FF00351718 /* amplify/generated/models/AmplifyModels.swift in Sources */,
				CC59A8E42A7717FF00351718 /* amplify/generated/models/NoteData.swift in Sources */,
				BAFB443C4AD3F34A52186F39 /* NoteData+Schema.swift in Sources */,
				FC4A0534D7C265944A6D3AB0 /* NoteData.swift in Sources */,
			);
			runOnlyForDeploymentPostprocessing = 0;
		};
/* End PBXSourcesBuildPhase section */

/* Begin XCBuildConfiguration section */
		CC59A8C42A76B06000351718 /* Debug */ = {
			isa = XCBuildConfiguration;
			buildSettings = {
				ALWAYS_SEARCH_USER_PATHS = NO;
				CLANG_ANALYZER_NONNULL = YES;
				CLANG_ANALYZER_NUMBER_OBJECT_CONVERSION = YES_AGGRESSIVE;
				CLANG_CXX_LANGUAGE_STANDARD = "gnu++20";
				CLANG_ENABLE_MODULES = YES;
				CLANG_ENABLE_OBJC_ARC = YES;
				CLANG_ENABLE_OBJC_WEAK = YES;
				CLANG_WARN_BLOCK_CAPTURE_AUTORELEASING = YES;
				CLANG_WARN_BOOL_CONVERSION = YES;
				CLANG_WARN_COMMA = YES;
				CLANG_WARN_CONSTANT_CONVERSION = YES;
				CLANG_WARN_DEPRECATED_OBJC_IMPLEMENTATIONS = YES;
				CLANG_WARN_DIRECT_OBJC_ISA_USAGE = YES_ERROR;
				CLANG_WARN_DOCUMENTATION_COMMENTS = YES;
				CLANG_WARN_EMPTY_BODY = YES;
				CLANG_WARN_ENUM_CONVERSION = YES;
				CLANG_WARN_INFINITE_RECURSION = YES;
				CLANG_WARN_INT_CONVERSION = YES;
				CLANG_WARN_NON_LITERAL_NULL_CONVERSION = YES;
				CLANG_WARN_OBJC_IMPLICIT_RETAIN_SELF = YES;
				CLANG_WARN_OBJC_LITERAL_CONVERSION = YES;
				CLANG_WARN_OBJC_ROOT_CLASS = YES_ERROR;
				CLANG_WARN_QUOTED_INCLUDE_IN_FRAMEWORK_HEADER = YES;
				CLANG_WARN_RANGE_LOOP_ANALYSIS = YES;
				CLANG_WARN_STRICT_PROTOTYPES = YES;
				CLANG_WARN_SUSPICIOUS_MOVE = YES;
				CLANG_WARN_UNGUARDED_AVAILABILITY = YES_AGGRESSIVE;
				CLANG_WARN_UNREACHABLE_CODE = YES;
				CLANG_WARN__DUPLICATE_METHOD_MATCH = YES;
				COPY_PHASE_STRIP = NO;
				DEBUG_INFORMATION_FORMAT = dwarf;
				ENABLE_STRICT_OBJC_MSGSEND = YES;
				ENABLE_TESTABILITY = YES;
				GCC_C_LANGUAGE_STANDARD = gnu11;
				GCC_DYNAMIC_NO_PIC = NO;
				GCC_NO_COMMON_BLOCKS = YES;
				GCC_OPTIMIZATION_LEVEL = 0;
				GCC_PREPROCESSOR_DEFINITIONS = (
					"DEBUG=1",
					"$(inherited)",
				);
				GCC_WARN_64_TO_32_BIT_CONVERSION = YES;
				GCC_WARN_ABOUT_RETURN_TYPE = YES_ERROR;
				GCC_WARN_UNDECLARED_SELECTOR = YES;
				GCC_WARN_UNINITIALIZED_AUTOS = YES_AGGRESSIVE;
				GCC_WARN_UNUSED_FUNCTION = YES;
				GCC_WARN_UNUSED_VARIABLE = YES;
				IPHONEOS_DEPLOYMENT_TARGET = 16.4;
				MTL_ENABLE_DEBUG_INFO = INCLUDE_SOURCE;
				MTL_FAST_MATH = YES;
				ONLY_ACTIVE_ARCH = YES;
				SDKROOT = iphoneos;
				SWIFT_ACTIVE_COMPILATION_CONDITIONS = DEBUG;
				SWIFT_OPTIMIZATION_LEVEL = "-Onone";
			};
			name = Debug;
		};
		CC59A8C52A76B06000351718 /* Release */ = {
			isa = XCBuildConfiguration;
			buildSettings = {
				ALWAYS_SEARCH_USER_PATHS = NO;
				CLANG_ANALYZER_NONNULL = YES;
				CLANG_ANALYZER_NUMBER_OBJECT_CONVERSION = YES_AGGRESSIVE;
				CLANG_CXX_LANGUAGE_STANDARD = "gnu++20";
				CLANG_ENABLE_MODULES = YES;
				CLANG_ENABLE_OBJC_ARC = YES;
				CLANG_ENABLE_OBJC_WEAK = YES;
				CLANG_WARN_BLOCK_CAPTURE_AUTORELEASING = YES;
				CLANG_WARN_BOOL_CONVERSION = YES;
				CLANG_WARN_COMMA = YES;
				CLANG_WARN_CONSTANT_CONVERSION = YES;
				CLANG_WARN_DEPRECATED_OBJC_IMPLEMENTATIONS = YES;
				CLANG_WARN_DIRECT_OBJC_ISA_USAGE = YES_ERROR;
				CLANG_WARN_DOCUMENTATION_COMMENTS = YES;
				CLANG_WARN_EMPTY_BODY = YES;
				CLANG_WARN_ENUM_CONVERSION = YES;
				CLANG_WARN_INFINITE_RECURSION = YES;
				CLANG_WARN_INT_CONVERSION = YES;
				CLANG_WARN_NON_LITERAL_NULL_CONVERSION = YES;
				CLANG_WARN_OBJC_IMPLICIT_RETAIN_SELF = YES;
				CLANG_WARN_OBJC_LITERAL_CONVERSION = YES;
				CLANG_WARN_OBJC_ROOT_CLASS = YES_ERROR;
				CLANG_WARN_QUOTED_INCLUDE_IN_FRAMEWORK_HEADER = YES;
				CLANG_WARN_RANGE_LOOP_ANALYSIS = YES;
				CLANG_WARN_STRICT_PROTOTYPES = YES;
				CLANG_WARN_SUSPICIOUS_MOVE = YES;
				CLANG_WARN_UNGUARDED_AVAILABILITY = YES_AGGRESSIVE;
				CLANG_WARN_UNREACHABLE_CODE = YES;
				CLANG_WARN__DUPLICATE_METHOD_MATCH = YES;
				COPY_PHASE_STRIP = NO;
				DEBUG_INFORMATION_FORMAT = "dwarf-with-dsym";
				ENABLE_NS_ASSERTIONS = NO;
				ENABLE_STRICT_OBJC_MSGSEND = YES;
				GCC_C_LANGUAGE_STANDARD = gnu11;
				GCC_NO_COMMON_BLOCKS = YES;
				GCC_WARN_64_TO_32_BIT_CONVERSION = YES;
				GCC_WARN_ABOUT_RETURN_TYPE = YES_ERROR;
				GCC_WARN_UNDECLARED_SELECTOR = YES;
				GCC_WARN_UNINITIALIZED_AUTOS = YES_AGGRESSIVE;
				GCC_WARN_UNUSED_FUNCTION = YES;
				GCC_WARN_UNUSED_VARIABLE = YES;
				IPHONEOS_DEPLOYMENT_TARGET = 16.4;
				MTL_ENABLE_DEBUG_INFO = NO;
				MTL_FAST_MATH = YES;
				SDKROOT = iphoneos;
				SWIFT_COMPILATION_MODE = wholemodule;
				SWIFT_OPTIMIZATION_LEVEL = "-O";
				VALIDATE_PRODUCT = YES;
			};
			name = Release;
		};
		CC59A8C72A76B06000351718 /* Debug */ = {
			isa = XCBuildConfiguration;
			buildSettings = {
				ASSETCATALOG_COMPILER_APPICON_NAME = AppIcon;
				ASSETCATALOG_COMPILER_GLOBAL_ACCENT_COLOR_NAME = AccentColor;
				CODE_SIGN_ENTITLEMENTS = AmplifyPushUp/AmplifyPushUp.entitlements;
				CODE_SIGN_STYLE = Automatic;
				CURRENT_PROJECT_VERSION = 1;
				DEVELOPMENT_ASSET_PATHS = "\"AmplifyPushUp/Preview Content\"";
				DEVELOPMENT_TEAM = N884K248C7;
				ENABLE_PREVIEWS = YES;
				GENERATE_INFOPLIST_FILE = YES;
				INFOPLIST_FILE = AmplifyPushUp/Info.plist;
				INFOPLIST_KEY_UIApplicationSceneManifest_Generation = YES;
				INFOPLIST_KEY_UIApplicationSupportsIndirectInputEvents = YES;
				INFOPLIST_KEY_UILaunchScreen_Generation = YES;
				INFOPLIST_KEY_UISupportedInterfaceOrientations_iPad = "UIInterfaceOrientationPortrait UIInterfaceOrientationPortraitUpsideDown UIInterfaceOrientationLandscapeLeft UIInterfaceOrientationLandscapeRight";
				INFOPLIST_KEY_UISupportedInterfaceOrientations_iPhone = "UIInterfaceOrientationPortrait UIInterfaceOrientationLandscapeLeft UIInterfaceOrientationLandscapeRight";
				LD_RUNPATH_SEARCH_PATHS = (
					"$(inherited)",
					"@executable_path/Frameworks",
				);
				MARKETING_VERSION = 1.0;
				PRODUCT_BUNDLE_IDENTIFIER = io.dfinitiv.martzcodes.AmplifyPushUp;
				PRODUCT_NAME = "$(TARGET_NAME)";
				SWIFT_EMIT_LOC_STRINGS = YES;
				SWIFT_VERSION = 5.0;
				TARGETED_DEVICE_FAMILY = "1,2";
			};
			name = Debug;
		};
		CC59A8C82A76B06000351718 /* Release */ = {
			isa = XCBuildConfiguration;
			buildSettings = {
				ASSETCATALOG_COMPILER_APPICON_NAME = AppIcon;
				ASSETCATALOG_COMPILER_GLOBAL_ACCENT_COLOR_NAME = AccentColor;
				CODE_SIGN_ENTITLEMENTS = AmplifyPushUp/AmplifyPushUp.entitlements;
				CODE_SIGN_STYLE = Automatic;
				CURRENT_PROJECT_VERSION = 1;
				DEVELOPMENT_ASSET_PATHS = "\"AmplifyPushUp/Preview Content\"";
				DEVELOPMENT_TEAM = N884K248C7;
				ENABLE_PREVIEWS = YES;
				GENERATE_INFOPLIST_FILE = YES;
				INFOPLIST_FILE = AmplifyPushUp/Info.plist;
				INFOPLIST_KEY_UIApplicationSceneManifest_Generation = YES;
				INFOPLIST_KEY_UIApplicationSupportsIndirectInputEvents = YES;
				INFOPLIST_KEY_UILaunchScreen_Generation = YES;
				INFOPLIST_KEY_UISupportedInterfaceOrientations_iPad = "UIInterfaceOrientationPortrait UIInterfaceOrientationPortraitUpsideDown UIInterfaceOrientationLandscapeLeft UIInterfaceOrientationLandscapeRight";
				INFOPLIST_KEY_UISupportedInterfaceOrientations_iPhone = "UIInterfaceOrientationPortrait UIInterfaceOrientationLandscapeLeft UIInterfaceOrientationLandscapeRight";
				LD_RUNPATH_SEARCH_PATHS = (
					"$(inherited)",
					"@executable_path/Frameworks",
				);
				MARKETING_VERSION = 1.0;
				PRODUCT_BUNDLE_IDENTIFIER = io.dfinitiv.martzcodes.AmplifyPushUp;
				PRODUCT_NAME = "$(TARGET_NAME)";
				SWIFT_EMIT_LOC_STRINGS = YES;
				SWIFT_VERSION = 5.0;
				TARGETED_DEVICE_FAMILY = "1,2";
			};
			name = Release;
		};
/* End XCBuildConfiguration section */

/* Begin XCConfigurationList section */
		CC59A8B32A76B05F00351718 /* Build configuration list for PBXProject "AmplifyPushUp" */ = {
			isa = XCConfigurationList;
			buildConfigurations = (
				CC59A8C42A76B06000351718 /* Debug */,
				CC59A8C52A76B06000351718 /* Release */,
			);
			defaultConfigurationIsVisible = 0;
			defaultConfigurationName = Release;
		};
		CC59A8C62A76B06000351718 /* Build configuration list for PBXNativeTarget "AmplifyPushUp" */ = {
			isa = XCConfigurationList;
			buildConfigurations = (
				CC59A8C72A76B06000351718 /* Debug */,
				CC59A8C82A76B06000351718 /* Release */,
			);
			defaultConfigurationIsVisible = 0;
			defaultConfigurationName = Release;
		};
/* End XCConfigurationList section */

/* Begin XCRemoteSwiftPackageReference section */
		CC59A8CD2A76C4F600351718 /* XCRemoteSwiftPackageReference "amplify-swift" */ = {
			isa = XCRemoteSwiftPackageReference;
			repositoryURL = "https://github.com/aws-amplify/amplify-swift";
			requirement = {
				kind = upToNextMajorVersion;
				minimumVersion = 2.0.0;
			};
		};
/* End XCRemoteSwiftPackageReference section */

/* Begin XCSwiftPackageProductDependency section */
		CC59A8CE2A76C4F600351718 /* AWSCognitoAuthPlugin */ = {
			isa = XCSwiftPackageProductDependency;
			package = CC59A8CD2A76C4F600351718 /* XCRemoteSwiftPackageReference "amplify-swift" */;
			productName = AWSCognitoAuthPlugin;
		};
		CC59A8D02A76C4F600351718 /* AWSPinpointAnalyticsPlugin */ = {
			isa = XCSwiftPackageProductDependency;
			package = CC59A8CD2A76C4F600351718 /* XCRemoteSwiftPackageReference "amplify-swift" */;
			productName = AWSPinpointAnalyticsPlugin;
		};
		CC59A8D22A76C4F600351718 /* AWSS3StoragePlugin */ = {
			isa = XCSwiftPackageProductDependency;
			package = CC59A8CD2A76C4F600351718 /* XCRemoteSwiftPackageReference "amplify-swift" */;
			productName = AWSS3StoragePlugin;
		};
		CC59A8D42A76C4F600351718 /* Amplify */ = {
			isa = XCSwiftPackageProductDependency;
			package = CC59A8CD2A76C4F600351718 /* XCRemoteSwiftPackageReference "amplify-swift" */;
			productName = Amplify;
		};
		CC59A8E82A7746E900351718 /* AWSAPIPlugin */ = {
			isa = XCSwiftPackageProductDependency;
			package = CC59A8CD2A76C4F600351718 /* XCRemoteSwiftPackageReference "amplify-swift" */;
			productName = AWSAPIPlugin;
		};
/* End XCSwiftPackageProductDependency section */
	};
	rootObject = CC59A8B02A76B05F00351718 /* Project object */;
}
